
Microsoft Visual Studio Solution File, Format Version 12.00
# Visual Studio Version 17
VisualStudioVersion = 17.2.32526.322
MinimumVisualStudioVersion = 10.0.40219.1
Project("{FAE04EC0-301F-11D3-BF4B-00C04F79EFBC}") = "PlantSCADA Logviewer", "PlantSCADA Logviewer\PlantSCADA Logviewer.csproj", "{19294033-025A-4EBC-AED3-4C6D3FD23E92}"
EndProject
Global
	GlobalSection(SolutionConfigurationPlatforms) = preSolution
		Debug|Any CPU = Debug|Any CPU
		Release|Any CPU = Release|Any CPU
	EndGlobalSection
	GlobalSection(ProjectConfigurationPlatforms) = postSolution
		{19294033-025A-4EBC-AED3-4C6D3FD23E92}.Debug|Any CPU.ActiveCfg = Debug|Any CPU
		{19294033-025A-4EBC-AED3-4C6D3FD23E92}.Debug|Any CPU.Build.0 = Debug|Any CPU
		{19294033-025A-4EBC-AED3-4C6D3FD23E92}.Release|Any CPU.ActiveCfg = Release|Any CPU
		{19294033-025A-4EBC-AED3-4C6D3FD23E92}.Release|Any CPU.Build.0 = Release|Any CPU
	EndGlobalSection
	GlobalSection(SolutionProperties) = preSolution
		HideSolutionNode = FALSE
	EndGlobalSection
	GlobalSection(ExtensibilityGlobals) = postSolution
		SolutionGuid = {37D2E292-842D-43C9-B50C-742FB7F192B4}
	EndGlobalSection
EndGlobal
